
Microsoft Visual Studio Solution File, Format Version 10.00
# Visual Studio 2008
Project("{8BC9CEB8-8B4A-11D0-8D11-00A0C91BC942}") = "T15SORT", "T15SORT.vcproj", "{A3CD829F-6CCB-4FDF-B0D8-9950D6946AF3}"
EndProject
Global
	GlobalSection(SolutionConfigurationPlatforms) = preSolution
		Debug|Win32 = Debug|Win32
		Release|Win32 = Release|Win32
	EndGlobalSection
	GlobalSection(ProjectConfigurationPlatforms) = postSolution
		{A3CD829F-6CCB-4FDF-B0D8-9950D6946AF3}.Debug|Win32.ActiveCfg = Debug|Win32
		{A3CD829F-6CCB-4FDF-B0D8-9950D6946AF3}.Debug|Win32.Build.0 = Debug|Win32
		{A3CD829F-6CCB-4FDF-B0D8-9950D6946AF3}.Release|Win32.ActiveCfg = Release|Win32
		{A3CD829F-6CCB-4FDF-B0D8-9950D6946AF3}.Release|Win32.Build.0 = Release|Win32
	EndGlobalSection
	GlobalSection(SolutionProperties) = preSolution
		HideSolutionNode = FALSE
	EndGlobalSection
EndGlobal
