<?xml version="1.0" encoding="utf-8"?>
<Project ToolsVersion="4.0" xmlns="http://schemas.microsoft.com/developer/msbuild/2003">
  <ItemGroup>
    <Filter Include="Source Files">
      <UniqueIdentifier>{4FC737F1-C7A5-4376-A066-2A32D752A2FF}</UniqueIdentifier>
      <Extensions>cpp;c;cc;cxx;c++;cppm;ixx;def;odl;idl;hpj;bat;asm;asmx</Extensions>
    </Filter>
    <Filter Include="Header Files">
      <UniqueIdentifier>{93995380-89BD-4b04-88EB-625FBE52EBFB}</UniqueIdentifier>
      <Extensions>h;hh;hpp;hxx;h++;hm;inl;inc;ipp;xsd</Extensions>
    </Filter>
    <Filter Include="Resource Files">
      <UniqueIdentifier>{67DA6AB6-F800-4c08-8B7A-83BB121AAD01}</UniqueIdentifier>
      <Extensions>rc;ico;cur;bmp;dlg;rc2;rct;bin;rgs;gif;jpg;jpeg;jpe;resx;tiff;tif;png;wav;mfcribbon-ms</Extensions>
    </Filter>
    <Filter Include="Source Files\Window Handle">
      <UniqueIdentifier>{e7db2180-8ed2-4965-9c25-d396ace12a72}</UniqueIdentifier>
    </Filter>
    <Filter Include="Source Files\Command Line Handle">
      <UniqueIdentifier>{6a7f2eb2-3669-4dd2-a21a-c9bacabf529d}</UniqueIdentifier>
    </Filter>
  </ItemGroup>
  <ItemGroup>
    <ClCompile Include="src\main.cpp">
      <Filter>Source Files</Filter>
    </ClCompile>
    <ClCompile Include="src\win\win.cpp">
      <Filter>Source Files\Window Handle</Filter>
    </ClCompile>
    <ClCompile Include="src\win\win_callbacks.cpp">
      <Filter>Source Files\Window Handle</Filter>
    </ClCompile>
    <ClCompile Include="src\win\win_messages.cpp">
      <Filter>Source Files\Window Handle</Filter>
    </ClCompile>
    <ClCompile Include="src\fake_intput.cpp">
      <Filter>Source Files</Filter>
    </ClCompile>
    <ClCompile Include="src\screenshots.cpp">
      <Filter>Source Files</Filter>
    </ClCompile>
    <ClCompile Include="src\application.cpp">
      <Filter>Source Files</Filter>
    </ClCompile>
  </ItemGroup>
  <ItemGroup>
    <ClInclude Include="src\win\win.h">
      <Filter>Source Files\Window Handle</Filter>
    </ClInclude>
    <ClInclude Include="src\application.h">
      <Filter>Source Files</Filter>
    </ClInclude>
    <ClInclude Include="include\HTTPRequest.hpp">
      <Filter>Header Files</Filter>
    </ClInclude>
    <ClInclude Include="res\resource.h">
      <Filter>Header Files</Filter>
    </ClInclude>
    <ClInclude Include="src\cmd\arguments_parser.h">
      <Filter>Source Files\Command Line Handle</Filter>
    </ClInclude>
  </ItemGroup>
  <ItemGroup>
    <ResourceCompile Include="res\ClientConsumer.rc">
      <Filter>Resource Files</Filter>
    </ResourceCompile>
  </ItemGroup>
</Project>