
Microsoft Visual Studio Solution File, Format Version 12.00
# Visual Studio Version 16
VisualStudioVersion = 16.0.30621.155
MinimumVisualStudioVersion = 10.0.40219.1
Project("{8BC9CEB8-8B4A-11D0-8D11-00A0C91BC942}") = "T13WORM1", "T13WORM1.vcxproj", "{BE3D98C2-AF6E-454B-BD02-17E5046F4F93}"
EndProject
Global
	GlobalSection(SolutionConfigurationPlatforms) = preSolution
		Debug|x64 = Debug|x64
		Debug|x86 = Debug|x86
		Release|x64 = Release|x64
		Release|x86 = Release|x86
	EndGlobalSection
	GlobalSection(ProjectConfigurationPlatforms) = postSolution
		{BE3D98C2-AF6E-454B-BD02-17E5046F4F93}.Debug|x64.ActiveCfg = Debug|x64
		{BE3D98C2-AF6E-454B-BD02-17E5046F4F93}.Debug|x64.Build.0 = Debug|x64
		{BE3D98C2-AF6E-454B-BD02-17E5046F4F93}.Debug|x86.ActiveCfg = Debug|Win32
		{BE3D98C2-AF6E-454B-BD02-17E5046F4F93}.Debug|x86.Build.0 = Debug|Win32
		{BE3D98C2-AF6E-454B-BD02-17E5046F4F93}.Release|x64.ActiveCfg = Release|x64
		{BE3D98C2-AF6E-454B-BD02-17E5046F4F93}.Release|x64.Build.0 = Release|x64
		{BE3D98C2-AF6E-454B-BD02-17E5046F4F93}.Release|x86.ActiveCfg = Release|Win32
		{BE3D98C2-AF6E-454B-BD02-17E5046F4F93}.Release|x86.Build.0 = Release|Win32
	EndGlobalSection
	GlobalSection(SolutionProperties) = preSolution
		HideSolutionNode = FALSE
	EndGlobalSection
	GlobalSection(ExtensibilityGlobals) = postSolution
		SolutionGuid = {29339DA4-C0E9-4D81-AE14-60CA05423B5D}
	EndGlobalSection
EndGlobal
